// !$*UTF8*$!
{
	archiveVersion = 1;
	classes = {
	};
	objectVersion = 50;
	objects = {

/* Begin PBXBuildFile section */
		7202440426CEB81A001A6BE7 /* AppDelegate.swift in Sources */ = {isa = PBXBuildFile; fileRef = 7202440326CEB819001A6BE7 /* AppDelegate.swift */; };
		7202440626CEB81A001A6BE7 /* SceneDelegate.swift in Sources */ = {isa = PBXBuildFile; fileRef = 7202440526CEB81A001A6BE7 /* SceneDelegate.swift */; };
		7202440826CEB81A001A6BE7 /* ContentView.swift in Sources */ = {isa = PBXBuildFile; fileRef = 7202440726CEB81A001A6BE7 /* ContentView.swift */; };
		7202440A26CEB81C001A6BE7 /* Assets.xcassets in Resources */ = {isa = PBXBuildFile; fileRef = 7202440926CEB81C001A6BE7 /* Assets.xcassets */; };
		7202440D26CEB81C001A6BE7 /* Preview Assets.xcassets in Resources */ = {isa = PBXBuildFile; fileRef = 7202440C26CEB81C001A6BE7 /* Preview Assets.xcassets */; };
		7202441026CEB81C001A6BE7 /* LaunchScreen.storyboard in Resources */ = {isa = PBXBuildFile; fileRef = 7202440E26CEB81C001A6BE7 /* LaunchScreen.storyboard */; };
		7202441826CEBA52001A6BE7 /* ImagePicker.swift in Sources */ = {isa = PBXBuildFile; fileRef = 7202441726CEBA52001A6BE7 /* ImagePicker.swift */; };
		7240C13B26CFFD1200229389 /* Contact.swift in Sources */ = {isa = PBXBuildFile; fileRef = 7240C13A26CFFD1200229389 /* Contact.swift */; };
		7240C13D26D00B9F00229389 /* ContactListView.swift in Sources */ = {isa = PBXBuildFile; fileRef = 7240C13C26D00B9F00229389 /* ContactListView.swift */; };
/* End PBXBuildFile section */

/* Begin PBXFileReference section */
		7202440026CEB819001A6BE7 /* VIPList.app */ = {isa = PBXFileReference; explicitFileType = wrapper.application; includeInIndex = 0; path = VIPList.app; sourceTree = BUILT_PRODUCTS_DIR; };
		7202440326CEB819001A6BE7 /* AppDelegate.swift */ = {isa = PBXFileReference; lastKnownFileType = sourcecode.swift; path = AppDelegate.swift; sourceTree = "<group>"; };
		7202440526CEB81A001A6BE7 /* SceneDelegate.swift */ = {isa = PBXFileReference; lastKnownFileType = sourcecode.swift; path = SceneDelegate.swift; sourceTree = "<group>"; };
		7202440726CEB81A001A6BE7 /* ContentView.swift */ = {isa = PBXFileReference; lastKnownFileType = sourcecode.swift; path = ContentView.swift; sourceTree = "<group>"; };
		7202440926CEB81C001A6BE7 /* Assets.xcassets */ = {isa = PBXFileReference; lastKnownFileType = folder.assetcatalog; path = Assets.xcassets; sourceTree = "<group>"; };
		7202440C26CEB81C001A6BE7 /* Preview Assets.xcassets */ = {isa = PBXFileReference; lastKnownFileType = folder.assetcatalog; path = "Preview Assets.xcassets"; sourceTree = "<group>"; };
		7202440F26CEB81C001A6BE7 /* Base */ = {isa = PBXFileReference; lastKnownFileType = file.storyboard; name = Base; path = Base.lproj/LaunchScreen.storyboard; sourceTree = "<group>"; };
		7202441126CEB81C001A6BE7 /* Info.plist */ = {isa = PBXFileReference; lastKnownFileType = text.plist.xml; path = Info.plist; sourceTree = "<group>"; };
		7202441726CEBA52001A6BE7 /* ImagePicker.swift */ = {isa = PBXFileReference; lastKnownFileType = sourcecode.swift; path = ImagePicker.swift; sourceTree = "<group>"; };
		7240C13A26CFFD1200229389 /* Contact.swift */ = {isa = PBXFileReference; lastKnownFileType = sourcecode.swift; path = Contact.swift; sourceTree = "<group>"; };
		7240C13C26D00B9F00229389 /* ContactListView.swift */ = {isa = PBXFileReference; lastKnownFileType = sourcecode.swift; path = ContactListView.swift; sourceTree = "<group>"; };
/* End PBXFileReference section */

/* Begin PBXFrameworksBuildPhase section */
		720243FD26CEB819001A6BE7 /* Frameworks */ = {
			isa = PBXFrameworksBuildPhase;
			buildActionMask = 2147483647;
			files = (
			);
			runOnlyForDeploymentPostprocessing = 0;
		};
/* End PBXFrameworksBuildPhase section */

/* Begin PBXGroup section */
		720243F726CEB819001A6BE7 = {
			isa = PBXGroup;
			children = (
				7240C13C26D00B9F00229389 /* ContactListView.swift */,
				7240C13A26CFFD1200229389 /* Contact.swift */,
				7202440226CEB819001A6BE7 /* VIPList */,
				7202440126CEB819001A6BE7 /* Products */,
			);
			sourceTree = "<group>";
		};
		7202440126CEB819001A6BE7 /* Products */ = {
			isa = PBXGroup;
			children = (
				7202440026CEB819001A6BE7 /* VIPList.app */,
			);
			name = Products;
			sourceTree = "<group>";
		};
		7202440226CEB819001A6BE7 /* VIPList */ = {
			isa = PBXGroup;
			children = (
				7202440326CEB819001A6BE7 /* AppDelegate.swift */,
				7202440526CEB81A001A6BE7 /* SceneDelegate.swift */,
				7202440726CEB81A001A6BE7 /* ContentView.swift */,
				7202441726CEBA52001A6BE7 /* ImagePicker.swift */,
				7202440926CEB81C001A6BE7 /* Assets.xcassets */,
				7202440E26CEB81C001A6BE7 /* LaunchScreen.storyboard */,
				7202441126CEB81C001A6BE7 /* Info.plist */,
				7202440B26CEB81C001A6BE7 /* Preview Content */,
			);
			path = VIPList;
			sourceTree = "<group>";
		};
		7202440B26CEB81C001A6BE7 /* Preview Content */ = {
			isa = PBXGroup;
			children = (
				7202440C26CEB81C001A6BE7 /* Preview Assets.xcassets */,
			);
			path = "Preview Content";
			sourceTree = "<group>";
		};
/* End PBXGroup section */

/* Begin PBXNativeTarget section */
		720243FF26CEB819001A6BE7 /* VIPList */ = {
			isa = PBXNativeTarget;
			buildConfigurationList = 7202441426CEB81C001A6BE7 /* Build configuration list for PBXNativeTarget "VIPList" */;
			buildPhases = (
				720243FC26CEB819001A6BE7 /* Sources */,
				720243FD26CEB819001A6BE7 /* Frameworks */,
				720243FE26CEB819001A6BE7 /* Resources */,
			);
			buildRules = (
			);
			dependencies = (
			);
			name = VIPList;
			productName = VIPList;
			productReference = 7202440026CEB819001A6BE7 /* VIPList.app */;
			productType = "com.apple.product-type.application";
		};
/* End PBXNativeTarget section */

/* Begin PBXProject section */
		720243F826CEB819001A6BE7 /* Project object */ = {
			isa = PBXProject;
			attributes = {
				LastSwiftUpdateCheck = 1250;
				LastUpgradeCheck = 1250;
				TargetAttributes = {
					720243FF26CEB819001A6BE7 = {
						CreatedOnToolsVersion = 12.5;
					};
				};
			};
			buildConfigurationList = 720243FB26CEB819001A6BE7 /* Build configuration list for PBXProject "VIPList" */;
			compatibilityVersion = "Xcode 9.3";
			developmentRegion = en;
			hasScannedForEncodings = 0;
			knownRegions = (
				en,
				Base,
			);
			mainGroup = 720243F726CEB819001A6BE7;
			productRefGroup = 7202440126CEB819001A6BE7 /* Products */;
			projectDirPath = "";
			projectRoot = "";
			targets = (
				720243FF26CEB819001A6BE7 /* VIPList */,
			);
		};
/* End PBXProject section */

/* Begin PBXResourcesBuildPhase section */
		720243FE26CEB819001A6BE7 /* Resources */ = {
			isa = PBXResourcesBuildPhase;
			buildActionMask = 2147483647;
			files = (
				7202441026CEB81C001A6BE7 /* LaunchScreen.storyboard in Resources */,
				7202440D26CEB81C001A6BE7 /* Preview Assets.xcassets in Resources */,
				7202440A26CEB81C001A6BE7 /* Assets.xcassets in Resources */,
			);
			runOnlyForDeploymentPostprocessing = 0;
		};
/* End PBXResourcesBuildPhase section */

/* Begin PBXSourcesBuildPhase section */
		720243FC26CEB819001A6BE7 /* Sources */ = {
			isa = PBXSourcesBuildPhase;
			buildActionMask = 2147483647;
			files = (
				7202440426CEB81A001A6BE7 /* AppDelegate.swift in Sources */,
				7202441826CEBA52001A6BE7 /* ImagePicker.swift in Sources */,
				7240C13B26CFFD1200229389 /* Contact.swift in Sources */,
				7240C13D26D00B9F00229389 /* ContactListView.swift in Sources */,
				7202440626CEB81A001A6BE7 /* SceneDelegate.swift in Sources */,
				7202440826CEB81A001A6BE7 /* ContentView.swift in Sources */,
			);
			runOnlyForDeploymentPostprocessing = 0;
		};
/* End PBXSourcesBuildPhase section */

/* Begin PBXVariantGroup section */
		7202440E26CEB81C001A6BE7 /* LaunchScreen.storyboard */ = {
			isa = PBXVariantGroup;
			children = (
				7202440F26CEB81C001A6BE7 /* Base */,
			);
			name = LaunchScreen.storyboard;
			sourceTree = "<group>";
		};
/* End PBXVariantGroup section */

/* Begin XCBuildConfiguration section */
		7202441226CEB81C001A6BE7 /* Debug */ = {
			isa = XCBuildConfiguration;
			buildSettings = {
				ALWAYS_SEARCH_USER_PATHS = NO;
				CLANG_ANALYZER_NONNULL = YES;
				CLANG_ANALYZER_NUMBER_OBJECT_CONVERSION = YES_AGGRESSIVE;
				CLANG_CXX_LANGUAGE_STANDARD = "gnu++14";
				CLANG_CXX_LIBRARY = "libc++";
				CLANG_ENABLE_MODULES = YES;
				CLANG_ENABLE_OBJC_ARC = YES;
				CLANG_ENABLE_OBJC_WEAK = YES;
				CLANG_WARN_BLOCK_CAPTURE_AUTORELEASING = YES;
				CLANG_WARN_BOOL_CONVERSION = YES;
				CLANG_WARN_COMMA = YES;
				CLANG_WARN_CONSTANT_CONVERSION = YES;
				CLANG_WARN_DEPRECATED_OBJC_IMPLEMENTATIONS = YES;
				CLANG_WARN_DIRECT_OBJC_ISA_USAGE = YES_ERROR;
				CLANG_WARN_DOCUMENTATION_COMMENTS = YES;
				CLANG_WARN_EMPTY_BODY = YES;
				CLANG_WARN_ENUM_CONVERSION = YES;
				CLANG_WARN_INFINITE_RECURSION = YES;
				CLANG_WARN_INT_CONVERSION = YES;
				CLANG_WARN_NON_LITERAL_NULL_CONVERSION = YES;
				CLANG_WARN_OBJC_IMPLICIT_RETAIN_SELF = YES;
				CLANG_WARN_OBJC_LITERAL_CONVERSION = YES;
				CLANG_WARN_OBJC_ROOT_CLASS = YES_ERROR;
				CLANG_WARN_QUOTED_INCLUDE_IN_FRAMEWORK_HEADER = YES;
				CLANG_WARN_RANGE_LOOP_ANALYSIS = YES;
				CLANG_WARN_STRICT_PROTOTYPES = YES;
				CLANG_WARN_SUSPICIOUS_MOVE = YES;
				CLANG_WARN_UNGUARDED_AVAILABILITY = YES_AGGRESSIVE;
				CLANG_WARN_UNREACHABLE_CODE = YES;
				CLANG_WARN__DUPLICATE_METHOD_MATCH = YES;
				COPY_PHASE_STRIP = NO;
				DEBUG_INFORMATION_FORMAT = dwarf;
				ENABLE_STRICT_OBJC_MSGSEND = YES;
				ENABLE_TESTABILITY = YES;
				GCC_C_LANGUAGE_STANDARD = gnu11;
				GCC_DYNAMIC_NO_PIC = NO;
				GCC_NO_COMMON_BLOCKS = YES;
				GCC_OPTIMIZATION_LEVEL = 0;
				GCC_PREPROCESSOR_DEFINITIONS = (
					"DEBUG=1",
					"$(inherited)",
				);
				GCC_WARN_64_TO_32_BIT_CONVERSION = YES;
				GCC_WARN_ABOUT_RETURN_TYPE = YES_ERROR;
				GCC_WARN_UNDECLARED_SELECTOR = YES;
				GCC_WARN_UNINITIALIZED_AUTOS = YES_AGGRESSIVE;
				GCC_WARN_UNUSED_FUNCTION = YES;
				GCC_WARN_UNUSED_VARIABLE = YES;
				IPHONEOS_DEPLOYMENT_TARGET = 14.5;
				MTL_ENABLE_DEBUG_INFO = INCLUDE_SOURCE;
				MTL_FAST_MATH = YES;
				ONLY_ACTIVE_ARCH = YES;
				SDKROOT = iphoneos;
				SWIFT_ACTIVE_COMPILATION_CONDITIONS = DEBUG;
				SWIFT_OPTIMIZATION_LEVEL = "-Onone";
			};
			name = Debug;
		};
		7202441326CEB81C001A6BE7 /* Release */ = {
			isa = XCBuildConfiguration;
			buildSettings = {
				ALWAYS_SEARCH_USER_PATHS = NO;
				CLANG_ANALYZER_NONNULL = YES;
				CLANG_ANALYZER_NUMBER_OBJECT_CONVERSION = YES_AGGRESSIVE;
				CLANG_CXX_LANGUAGE_STANDARD = "gnu++14";
				CLANG_CXX_LIBRARY = "libc++";
				CLANG_ENABLE_MODULES = YES;
				CLANG_ENABLE_OBJC_ARC = YES;
				CLANG_ENABLE_OBJC_WEAK = YES;
				CLANG_WARN_BLOCK_CAPTURE_AUTORELEASING = YES;
				CLANG_WARN_BOOL_CONVERSION = YES;
				CLANG_WARN_COMMA = YES;
				CLANG_WARN_CONSTANT_CONVERSION = YES;
				CLANG_WARN_DEPRECATED_OBJC_IMPLEMENTATIONS = YES;
				CLANG_WARN_DIRECT_OBJC_ISA_USAGE = YES_ERROR;
				CLANG_WARN_DOCUMENTATION_COMMENTS = YES;
				CLANG_WARN_EMPTY_BODY = YES;
				CLANG_WARN_ENUM_CONVERSION = YES;
				CLANG_WARN_INFINITE_RECURSION = YES;
				CLANG_WARN_INT_CONVERSION = YES;
				CLANG_WARN_NON_LITERAL_NULL_CONVERSION = YES;
				CLANG_WARN_OBJC_IMPLICIT_RETAIN_SELF = YES;
				CLANG_WARN_OBJC_LITERAL_CONVERSION = YES;
				CLANG_WARN_OBJC_ROOT_CLASS = YES_ERROR;
				CLANG_WARN_QUOTED_INCLUDE_IN_FRAMEWORK_HEADER = YES;
				CLANG_WARN_RANGE_LOOP_ANALYSIS = YES;
				CLANG_WARN_STRICT_PROTOTYPES = YES;
				CLANG_WARN_SUSPICIOUS_MOVE = YES;
				CLANG_WARN_UNGUARDED_AVAILABILITY = YES_AGGRESSIVE;
				CLANG_WARN_UNREACHABLE_CODE = YES;
				CLANG_WARN__DUPLICATE_METHOD_MATCH = YES;
				COPY_PHASE_STRIP = NO;
				DEBUG_INFORMATION_FORMAT = "dwarf-with-dsym";
				ENABLE_NS_ASSERTIONS = NO;
				ENABLE_STRICT_OBJC_MSGSEND = YES;
				GCC_C_LANGUAGE_STANDARD = gnu11;
				GCC_NO_COMMON_BLOCKS = YES;
				GCC_WARN_64_TO_32_BIT_CONVERSION = YES;
				GCC_WARN_ABOUT_RETURN_TYPE = YES_ERROR;
				GCC_WARN_UNDECLARED_SELECTOR = YES;
				GCC_WARN_UNINITIALIZED_AUTOS = YES_AGGRESSIVE;
				GCC_WARN_UNUSED_FUNCTION = YES;
				GCC_WARN_UNUSED_VARIABLE = YES;
				IPHONEOS_DEPLOYMENT_TARGET = 14.5;
				MTL_ENABLE_DEBUG_INFO = NO;
				MTL_FAST_MATH = YES;
				SDKROOT = iphoneos;
				SWIFT_COMPILATION_MODE = wholemodule;
				SWIFT_OPTIMIZATION_LEVEL = "-O";
				VALIDATE_PRODUCT = YES;
			};
			name = Release;
		};
		7202441526CEB81C001A6BE7 /* Debug */ = {
			isa = XCBuildConfiguration;
			buildSettings = {
				ASSETCATALOG_COMPILER_APPICON_NAME = AppIcon;
				ASSETCATALOG_COMPILER_GLOBAL_ACCENT_COLOR_NAME = AccentColor;
				CODE_SIGN_STYLE = Automatic;
				DEVELOPMENT_ASSET_PATHS = "\"VIPList/Preview Content\"";
				DEVELOPMENT_TEAM = S4G67KLBRN;
				ENABLE_PREVIEWS = YES;
				INFOPLIST_FILE = VIPList/Info.plist;
				LD_RUNPATH_SEARCH_PATHS = (
					"$(inherited)",
					"@executable_path/Frameworks",
				);
				PRODUCT_BUNDLE_IDENTIFIER = "com.saj-panchal.herokuapp.VIPList";
				PRODUCT_NAME = "$(TARGET_NAME)";
				SWIFT_VERSION = 5.0;
				TARGETED_DEVICE_FAMILY = "1,2";
			};
			name = Debug;
		};
		7202441626CEB81C001A6BE7 /* Release */ = {
			isa = XCBuildConfiguration;
			buildSettings = {
				ASSETCATALOG_COMPILER_APPICON_NAME = AppIcon;
				ASSETCATALOG_COMPILER_GLOBAL_ACCENT_COLOR_NAME = AccentColor;
				CODE_SIGN_STYLE = Automatic;
				DEVELOPMENT_ASSET_PATHS = "\"VIPList/Preview Content\"";
				DEVELOPMENT_TEAM = S4G67KLBRN;
				ENABLE_PREVIEWS = YES;
				INFOPLIST_FILE = VIPList/Info.plist;
				LD_RUNPATH_SEARCH_PATHS = (
					"$(inherited)",
					"@executable_path/Frameworks",
				);
				PRODUCT_BUNDLE_IDENTIFIER = "com.saj-panchal.herokuapp.VIPList";
				PRODUCT_NAME = "$(TARGET_NAME)";
				SWIFT_VERSION = 5.0;
				TARGETED_DEVICE_FAMILY = "1,2";
			};
			name = Release;
		};
/* End XCBuildConfiguration section */

/* Begin XCConfigurationList section */
		720243FB26CEB819001A6BE7 /* Build configuration list for PBXProject "VIPList" */ = {
			isa = XCConfigurationList;
			buildConfigurations = (
				7202441226CEB81C001A6BE7 /* Debug */,
				7202441326CEB81C001A6BE7 /* Release */,
			);
			defaultConfigurationIsVisible = 0;
			defaultConfigurationName = Release;
		};
		7202441426CEB81C001A6BE7 /* Build configuration list for PBXNativeTarget "VIPList" */ = {
			isa = XCConfigurationList;
			buildConfigurations = (
				7202441526CEB81C001A6BE7 /* Debug */,
				7202441626CEB81C001A6BE7 /* Release */,
			);
			defaultConfigurationIsVisible = 0;
			defaultConfigurationName = Release;
		};
/* End XCConfigurationList section */
	};
	rootObject = 720243F826CEB819001A6BE7 /* Project object */;
}
